
Microsoft Visual Studio Solution File, Format Version 12.00
# Visual Studio Version 16
VisualStudioVersion = 16.0.30413.136
MinimumVisualStudioVersion = 10.0.40219.1
Project("{FAE04EC0-301F-11D3-BF4B-00C04F79EFBC}") = "Part1", "Part1\Part1.csproj", "{C5BB5231-5F96-4FC9-9759-1E752C1A030D}"
EndProject
Project("{FAE04EC0-301F-11D3-BF4B-00C04F79EFBC}") = "Part2", "Part2\Part2.csproj", "{38563FE1-8689-4387-8F59-14F4E8518F18}"
EndProject
Global
	GlobalSection(SolutionConfigurationPlatforms) = preSolution
		Debug|Any CPU = Debug|Any CPU
		Release|Any CPU = Release|Any CPU
	EndGlobalSection
	GlobalSection(ProjectConfigurationPlatforms) = postSolution
		{C5BB5231-5F96-4FC9-9759-1E752C1A030D}.Debug|Any CPU.ActiveCfg = Debug|Any CPU
		{C5BB5231-5F96-4FC9-9759-1E752C1A030D}.Debug|Any CPU.Build.0 = Debug|Any CPU
		{C5BB5231-5F96-4FC9-9759-1E752C1A030D}.Release|Any CPU.ActiveCfg = Release|Any CPU
		{C5BB5231-5F96-4FC9-9759-1E752C1A030D}.Release|Any CPU.Build.0 = Release|Any CPU
		{38563FE1-8689-4387-8F59-14F4E8518F18}.Debug|Any CPU.ActiveCfg = Debug|Any CPU
		{38563FE1-8689-4387-8F59-14F4E8518F18}.Debug|Any CPU.Build.0 = Debug|Any CPU
		{38563FE1-8689-4387-8F59-14F4E8518F18}.Release|Any CPU.ActiveCfg = Release|Any CPU
		{38563FE1-8689-4387-8F59-14F4E8518F18}.Release|Any CPU.Build.0 = Release|Any CPU
	EndGlobalSection
	GlobalSection(SolutionProperties) = preSolution
		HideSolutionNode = FALSE
	EndGlobalSection
	GlobalSection(ExtensibilityGlobals) = postSolution
		SolutionGuid = {75065C16-1251-4D9F-A6DF-90CA86FDDFA2}
	EndGlobalSection
EndGlobal
